
Microsoft Visual Studio Solution File, Format Version 12.00
# Visual Studio Version 17
VisualStudioVersion = 17.0.31903.59
MinimumVisualStudioVersion = 10.0.40219.1
Project("{2150E333-8FDC-42A3-9474-1A3956D46DE8}") = "src", "src", "{837CF4AC-DCBA-4E81-A523-C6866B51ECE3}"
EndProject
Project("{FAE04EC0-301F-11D3-BF4B-00C04F79EFBC}") = "GateWall.Data", "src\GateWall.Data\GateWall.Data.csproj", "{B6434E1A-1342-405E-A244-3E4EA84E27D9}"
EndProject
Project("{FAE04EC0-301F-11D3-BF4B-00C04F79EFBC}") = "GateWall.Admin", "src\GateWall.Admin\GateWall.Admin.csproj", "{4CC83C7A-D8E8-4280-87F7-4B82DDD0F26F}"
EndProject
Global
	GlobalSection(SolutionConfigurationPlatforms) = preSolution
		Debug|Any CPU = Debug|Any CPU
		Release|Any CPU = Release|Any CPU
	EndGlobalSection
	GlobalSection(ProjectConfigurationPlatforms) = postSolution
		{B6434E1A-1342-405E-A244-3E4EA84E27D9}.Debug|Any CPU.ActiveCfg = Debug|Any CPU
		{B6434E1A-1342-405E-A244-3E4EA84E27D9}.Debug|Any CPU.Build.0 = Debug|Any CPU
		{B6434E1A-1342-405E-A244-3E4EA84E27D9}.Release|Any CPU.ActiveCfg = Release|Any CPU
		{B6434E1A-1342-405E-A244-3E4EA84E27D9}.Release|Any CPU.Build.0 = Release|Any CPU
		{4CC83C7A-D8E8-4280-87F7-4B82DDD0F26F}.Debug|Any CPU.ActiveCfg = Debug|Any CPU
		{4CC83C7A-D8E8-4280-87F7-4B82DDD0F26F}.Debug|Any CPU.Build.0 = Debug|Any CPU
		{4CC83C7A-D8E8-4280-87F7-4B82DDD0F26F}.Release|Any CPU.ActiveCfg = Release|Any CPU
		{4CC83C7A-D8E8-4280-87F7-4B82DDD0F26F}.Release|Any CPU.Build.0 = Release|Any CPU
	EndGlobalSection
	GlobalSection(SolutionProperties) = preSolution
		HideSolutionNode = FALSE
	EndGlobalSection
	GlobalSection(NestedProjects) = preSolution
		{B6434E1A-1342-405E-A244-3E4EA84E27D9} = {837CF4AC-DCBA-4E81-A523-C6866B51ECE3}
		{4CC83C7A-D8E8-4280-87F7-4B82DDD0F26F} = {837CF4AC-DCBA-4E81-A523-C6866B51ECE3}
	EndGlobalSection
EndGlobal
